
Microsoft Visual Studio Solution File, Format Version 12.00
# Visual Studio Version 17
VisualStudioVersion = 17.6.33723.286
MinimumVisualStudioVersion = 10.0.40219.1
Project("{9A19103F-16F7-4668-BE54-9A1E7A4F7556}") = "BioShop", "BioShop\BioShop.csproj", "{D9608634-1353-489E-9DD3-E7D26F323BCC}"
EndProject
Project("{9A19103F-16F7-4668-BE54-9A1E7A4F7556}") = "BioShop.Test", "BioShop.Test\BioShop.Test.csproj", "{F31A3AB8-C5FB-4C7E-9CA5-23AAB47F042C}"
EndProject
Global
	GlobalSection(SolutionConfigurationPlatforms) = preSolution
		Debug|Any CPU = Debug|Any CPU
		Release|Any CPU = Release|Any CPU
	EndGlobalSection
	GlobalSection(ProjectConfigurationPlatforms) = postSolution
		{D9608634-1353-489E-9DD3-E7D26F323BCC}.Debug|Any CPU.ActiveCfg = Debug|Any CPU
		{D9608634-1353-489E-9DD3-E7D26F323BCC}.Debug|Any CPU.Build.0 = Debug|Any CPU
		{D9608634-1353-489E-9DD3-E7D26F323BCC}.Release|Any CPU.ActiveCfg = Release|Any CPU
		{D9608634-1353-489E-9DD3-E7D26F323BCC}.Release|Any CPU.Build.0 = Release|Any CPU
		{F31A3AB8-C5FB-4C7E-9CA5-23AAB47F042C}.Debug|Any CPU.ActiveCfg = Debug|Any CPU
		{F31A3AB8-C5FB-4C7E-9CA5-23AAB47F042C}.Debug|Any CPU.Build.0 = Debug|Any CPU
		{F31A3AB8-C5FB-4C7E-9CA5-23AAB47F042C}.Release|Any CPU.ActiveCfg = Release|Any CPU
		{F31A3AB8-C5FB-4C7E-9CA5-23AAB47F042C}.Release|Any CPU.Build.0 = Release|Any CPU
	EndGlobalSection
	GlobalSection(SolutionProperties) = preSolution
		HideSolutionNode = FALSE
	EndGlobalSection
	GlobalSection(ExtensibilityGlobals) = postSolution
		SolutionGuid = {51500484-5C8F-4497-84A6-154C1A61E50B}
	EndGlobalSection
EndGlobal
